
Microsoft Visual Studio Solution File, Format Version 12.00
# Visual Studio Version 16
VisualStudioVersion = 16.0.29503.13
MinimumVisualStudioVersion = 10.0.40219.1
Project("{8BC9CEB8-8B4A-11D0-8D11-00A0C91BC942}") = "Task 3", "Task 3\Task 3.vcxproj", "{918B1851-95AD-403B-A5BF-EF9C08149F2A}"
EndProject
Project("{8BC9CEB8-8B4A-11D0-8D11-00A0C91BC942}") = "Task 4", "Task 4\Task 4.vcxproj", "{9F4C1500-6C5C-4587-8073-D6BA4F10FC38}"
EndProject
Project("{8BC9CEB8-8B4A-11D0-8D11-00A0C91BC942}") = "Task 5", "Task 5\Task 5.vcxproj", "{06D5BE9C-970D-4424-8768-32087EBA83B5}"
EndProject
Project("{8BC9CEB8-8B4A-11D0-8D11-00A0C91BC942}") = "Task 6", "Task 6\Task 6.vcxproj", "{2C822F1D-4D36-42A2-AB59-4BD5A9E24234}"
EndProject
Project("{8BC9CEB8-8B4A-11D0-8D11-00A0C91BC942}") = "Task 7", "Task 7\Task 7.vcxproj", "{BCF95DAB-0467-497B-B586-7B39548A4792}"
EndProject
Project("{8BC9CEB8-8B4A-11D0-8D11-00A0C91BC942}") = "Task 8", "Task 8\Task 8.vcxproj", "{7B4C80F9-80E3-49B0-93B5-AD04DEDA340E}"
EndProject
Project("{8BC9CEB8-8B4A-11D0-8D11-00A0C91BC942}") = "Task 9", "Task 9\Task 9.vcxproj", "{9E307417-D303-43FA-885B-43CBAA85EB98}"
EndProject
Global
	GlobalSection(SolutionConfigurationPlatforms) = preSolution
		Debug|x64 = Debug|x64
		Debug|x86 = Debug|x86
		Release|x64 = Release|x64
		Release|x86 = Release|x86
	EndGlobalSection
	GlobalSection(ProjectConfigurationPlatforms) = postSolution
		{918B1851-95AD-403B-A5BF-EF9C08149F2A}.Debug|x64.ActiveCfg = Debug|x64
		{918B1851-95AD-403B-A5BF-EF9C08149F2A}.Debug|x64.Build.0 = Debug|x64
		{918B1851-95AD-403B-A5BF-EF9C08149F2A}.Debug|x86.ActiveCfg = Debug|Win32
		{918B1851-95AD-403B-A5BF-EF9C08149F2A}.Debug|x86.Build.0 = Debug|Win32
		{918B1851-95AD-403B-A5BF-EF9C08149F2A}.Release|x64.ActiveCfg = Release|x64
		{918B1851-95AD-403B-A5BF-EF9C08149F2A}.Release|x64.Build.0 = Release|x64
		{918B1851-95AD-403B-A5BF-EF9C08149F2A}.Release|x86.ActiveCfg = Release|Win32
		{918B1851-95AD-403B-A5BF-EF9C08149F2A}.Release|x86.Build.0 = Release|Win32
		{9F4C1500-6C5C-4587-8073-D6BA4F10FC38}.Debug|x64.ActiveCfg = Debug|x64
		{9F4C1500-6C5C-4587-8073-D6BA4F10FC38}.Debug|x64.Build.0 = Debug|x64
		{9F4C1500-6C5C-4587-8073-D6BA4F10FC38}.Debug|x86.ActiveCfg = Debug|Win32
		{9F4C1500-6C5C-4587-8073-D6BA4F10FC38}.Debug|x86.Build.0 = Debug|Win32
		{9F4C1500-6C5C-4587-8073-D6BA4F10FC38}.Release|x64.ActiveCfg = Release|x64
		{9F4C1500-6C5C-4587-8073-D6BA4F10FC38}.Release|x64.Build.0 = Release|x64
		{9F4C1500-6C5C-4587-8073-D6BA4F10FC38}.Release|x86.ActiveCfg = Release|Win32
		{9F4C1500-6C5C-4587-8073-D6BA4F10FC38}.Release|x86.Build.0 = Release|Win32
		{06D5BE9C-970D-4424-8768-32087EBA83B5}.Debug|x64.ActiveCfg = Debug|x64
		{06D5BE9C-970D-4424-8768-32087EBA83B5}.Debug|x64.Build.0 = Debug|x64
		{06D5BE9C-970D-4424-8768-32087EBA83B5}.Debug|x86.ActiveCfg = Debug|Win32
		{06D5BE9C-970D-4424-8768-32087EBA83B5}.Debug|x86.Build.0 = Debug|Win32
		{06D5BE9C-970D-4424-8768-32087EBA83B5}.Release|x64.ActiveCfg = Release|x64
		{06D5BE9C-970D-4424-8768-32087EBA83B5}.Release|x64.Build.0 = Release|x64
		{06D5BE9C-970D-4424-8768-32087EBA83B5}.Release|x86.ActiveCfg = Release|Win32
		{06D5BE9C-970D-4424-8768-32087EBA83B5}.Release|x86.Build.0 = Release|Win32
		{2C822F1D-4D36-42A2-AB59-4BD5A9E24234}.Debug|x64.ActiveCfg = Debug|x64
		{2C822F1D-4D36-42A2-AB59-4BD5A9E24234}.Debug|x64.Build.0 = Debug|x64
		{2C822F1D-4D36-42A2-AB59-4BD5A9E24234}.Debug|x86.ActiveCfg = Debug|Win32
		{2C822F1D-4D36-42A2-AB59-4BD5A9E24234}.Debug|x86.Build.0 = Debug|Win32
		{2C822F1D-4D36-42A2-AB59-4BD5A9E24234}.Release|x64.ActiveCfg = Release|x64
		{2C822F1D-4D36-42A2-AB59-4BD5A9E24234}.Release|x64.Build.0 = Release|x64
		{2C822F1D-4D36-42A2-AB59-4BD5A9E24234}.Release|x86.ActiveCfg = Release|Win32
		{2C822F1D-4D36-42A2-AB59-4BD5A9E24234}.Release|x86.Build.0 = Release|Win32
		{BCF95DAB-0467-497B-B586-7B39548A4792}.Debug|x64.ActiveCfg = Debug|x64
		{BCF95DAB-0467-497B-B586-7B39548A4792}.Debug|x64.Build.0 = Debug|x64
		{BCF95DAB-0467-497B-B586-7B39548A4792}.Debug|x86.ActiveCfg = Debug|Win32
		{BCF95DAB-0467-497B-B586-7B39548A4792}.Debug|x86.Build.0 = Debug|Win32
		{BCF95DAB-0467-497B-B586-7B39548A4792}.Release|x64.ActiveCfg = Release|x64
		{BCF95DAB-0467-497B-B586-7B39548A4792}.Release|x64.Build.0 = Release|x64
		{BCF95DAB-0467-497B-B586-7B39548A4792}.Release|x86.ActiveCfg = Release|Win32
		{BCF95DAB-0467-497B-B586-7B39548A4792}.Release|x86.Build.0 = Release|Win32
		{7B4C80F9-80E3-49B0-93B5-AD04DEDA340E}.Debug|x64.ActiveCfg = Debug|x64
		{7B4C80F9-80E3-49B0-93B5-AD04DEDA340E}.Debug|x64.Build.0 = Debug|x64
		{7B4C80F9-80E3-49B0-93B5-AD04DEDA340E}.Debug|x86.ActiveCfg = Debug|Win32
		{7B4C80F9-80E3-49B0-93B5-AD04DEDA340E}.Debug|x86.Build.0 = Debug|Win32
		{7B4C80F9-80E3-49B0-93B5-AD04DEDA340E}.Release|x64.ActiveCfg = Release|x64
		{7B4C80F9-80E3-49B0-93B5-AD04DEDA340E}.Release|x64.Build.0 = Release|x64
		{7B4C80F9-80E3-49B0-93B5-AD04DEDA340E}.Release|x86.ActiveCfg = Release|Win32
		{7B4C80F9-80E3-49B0-93B5-AD04DEDA340E}.Release|x86.Build.0 = Release|Win32
		{9E307417-D303-43FA-885B-43CBAA85EB98}.Debug|x64.ActiveCfg = Debug|x64
		{9E307417-D303-43FA-885B-43CBAA85EB98}.Debug|x64.Build.0 = Debug|x64
		{9E307417-D303-43FA-885B-43CBAA85EB98}.Debug|x86.ActiveCfg = Debug|Win32
		{9E307417-D303-43FA-885B-43CBAA85EB98}.Debug|x86.Build.0 = Debug|Win32
		{9E307417-D303-43FA-885B-43CBAA85EB98}.Release|x64.ActiveCfg = Release|x64
		{9E307417-D303-43FA-885B-43CBAA85EB98}.Release|x64.Build.0 = Release|x64
		{9E307417-D303-43FA-885B-43CBAA85EB98}.Release|x86.ActiveCfg = Release|Win32
		{9E307417-D303-43FA-885B-43CBAA85EB98}.Release|x86.Build.0 = Release|Win32
	EndGlobalSection
	GlobalSection(SolutionProperties) = preSolution
		HideSolutionNode = FALSE
	EndGlobalSection
	GlobalSection(ExtensibilityGlobals) = postSolution
		SolutionGuid = {B39747E3-8193-4736-8501-C0F9BB2CB2D8}
	EndGlobalSection
EndGlobal
